<?xml version="1.0" encoding="utf-8"?>
<Project ToolsVersion="4.0" xmlns="http://schemas.microsoft.com/developer/msbuild/2003">
  <ItemGroup>
    <ClCompile Include="main.cpp" />
  </ItemGroup>
  <ItemGroup>
    <ClInclude Include="src\1.h" />
    <ClInclude Include="src\2.h" />
    <ClInclude Include="src\sort.h" />
    <ClInclude Include="src\4.h" />
    <ClInclude Include="src\string.h" />
    <ClInclude Include="search\AVLTree.h" />
    <ClInclude Include="sort\BatcherMergeSort.h" />
    <ClInclude Include="sort\BinomialQueue.h" />
    <ClInclude Include="sort\BubbleSort.h" />
    <ClInclude Include="sort\CountingSort.h" />
    <ClInclude Include="sort\HeapQueue.h" />
    <ClInclude Include="sort\HeapSort.h" />
    <ClInclude Include="sort\InsertSort.h" />
    <ClInclude Include="sort\MergeSort.h" />
    <ClInclude Include="sort\QuickSort.h" />
    <ClInclude Include="sort\RadixSort.h" />
    <ClInclude Include="sort\SelectSort.h" />
    <ClInclude Include="sort\ShellSort.h" />
    <ClInclude Include="sort\utility.h" />
    <ClInclude Include="search\BSTTree.h" />
    <ClInclude Include="search\SearchTree.h" />
    <ClInclude Include="search\RBTree.h" />
    <ClInclude Include="search\SkipList.h" />
    <ClInclude Include="search\HashMap.h" />
    <ClInclude Include="search\rb.h" />
  </ItemGroup>
</Project>