<?xml version="1.0" encoding="utf-8"?>
<Project ToolsVersion="4.0" xmlns="http://schemas.microsoft.com/developer/msbuild/2003">
  <ItemGroup>
    <ClCompile Include="main.cpp" />
  </ItemGroup>
  <ItemGroup>
    <ClInclude Include="src\1.h" />
    <ClInclude Include="src\2.h" />
    <ClInclude Include="src\sort.h" />
    <ClInclude Include="src\4.h" />
    <ClInclude Include="src\string.h" />
    <ClInclude Include="src\HeapQueue.h" />
    <ClInclude Include="src\BinomialQueue.h" />
    <ClInclude Include="src\RadixSort.h" />
    <ClInclude Include="src\BubbleSort.h" />
    <ClInclude Include="src\MergeSort.h" />
    <ClInclude Include="src\ShellSort.h" />
    <ClInclude Include="src\SelectSort.h" />
    <ClInclude Include="src\HeapSort.h" />
    <ClInclude Include="src\InsertSort.h" />
    <ClInclude Include="src\Quicksort.h" />
    <ClInclude Include="src\AVLTree.h" />
  </ItemGroup>
</Project>